
Microsoft Visual Studio Solution File, Format Version 12.00
# Visual Studio Version 16
VisualStudioVersion = 16.0.29009.5
MinimumVisualStudioVersion = 10.0.40219.1
Project("{FAE04EC0-301F-11D3-BF4B-00C04F79EFBC}") = "Lime-Crypter", "Lime-Crypter\Lime-Crypter.csproj", "{F93C99ED-28C9-48C5-BB90-DD98F18285A6}"
EndProject
Global
	GlobalSection(SolutionConfigurationPlatforms) = preSolution
		Debug|Any CPU = Debug|Any CPU
		Release|Any CPU = Release|Any CPU
	EndGlobalSection
	GlobalSection(ProjectConfigurationPlatforms) = postSolution
		{F93C99ED-28C9-48C5-BB90-DD98F18285A6}.Debug|Any CPU.ActiveCfg = Debug|Any CPU
		{F93C99ED-28C9-48C5-BB90-DD98F18285A6}.Debug|Any CPU.Build.0 = Debug|Any CPU
		{F93C99ED-28C9-48C5-BB90-DD98F18285A6}.Release|Any CPU.ActiveCfg = Release|Any CPU
		{F93C99ED-28C9-48C5-BB90-DD98F18285A6}.Release|Any CPU.Build.0 = Release|Any CPU
	EndGlobalSection
	GlobalSection(SolutionProperties) = preSolution
		HideSolutionNode = FALSE
	EndGlobalSection
	GlobalSection(ExtensibilityGlobals) = postSolution
		SolutionGuid = {3D55E793-A245-4523-8798-B123DA9CC3B6}
	EndGlobalSection
EndGlobal
