
Microsoft Visual Studio Solution File, Format Version 12.00
# Visual Studio 15
VisualStudioVersion = 15.0.27703.2047
MinimumVisualStudioVersion = 10.0.40219.1
Project("{F184B08F-C81C-45F6-A57F-5ABD9991F28F}") = "Lime Crypter v3", "Lime Crypter v3\Lime Crypter v3.vbproj", "{CDF983DB-C632-423E-8FF9-44C41C6AFB3A}"
EndProject
Project("{F184B08F-C81C-45F6-A57F-5ABD9991F28F}") = "Loader", "Loader\Loader.vbproj", "{B15698BA-A228-45E5-ACC8-B820F7D36666}"
EndProject
Project("{2150E333-8FDC-42A3-9474-1A3956D46DE8}") = "DLLs", "DLLs", "{3A64FB1D-8C38-45C0-9F93-460B3C9DB54B}"
EndProject
Project("{F184B08F-C81C-45F6-A57F-5ABD9991F28F}") = "INS", "INS\INS.vbproj", "{770BDD83-2BBC-4047-81B4-D7169BA3B9B8}"
EndProject
Project("{F184B08F-C81C-45F6-A57F-5ABD9991F28F}") = "PE", "PE\PE.vbproj", "{E9F77E44-3C74-43E5-B986-2AF3785EFBA3}"
EndProject
Project("{F184B08F-C81C-45F6-A57F-5ABD9991F28F}") = "VM", "VM\VM.vbproj", "{97CCDA4C-7F15-4212-A20D-B03E98332D60}"
EndProject
Global
	GlobalSection(SolutionConfigurationPlatforms) = preSolution
		Debug|Any CPU = Debug|Any CPU
		Release|Any CPU = Release|Any CPU
	EndGlobalSection
	GlobalSection(ProjectConfigurationPlatforms) = postSolution
		{CDF983DB-C632-423E-8FF9-44C41C6AFB3A}.Debug|Any CPU.ActiveCfg = Debug|Any CPU
		{CDF983DB-C632-423E-8FF9-44C41C6AFB3A}.Debug|Any CPU.Build.0 = Debug|Any CPU
		{CDF983DB-C632-423E-8FF9-44C41C6AFB3A}.Release|Any CPU.ActiveCfg = Release|Any CPU
		{CDF983DB-C632-423E-8FF9-44C41C6AFB3A}.Release|Any CPU.Build.0 = Release|Any CPU
		{B15698BA-A228-45E5-ACC8-B820F7D36666}.Debug|Any CPU.ActiveCfg = Debug|Any CPU
		{B15698BA-A228-45E5-ACC8-B820F7D36666}.Debug|Any CPU.Build.0 = Debug|Any CPU
		{B15698BA-A228-45E5-ACC8-B820F7D36666}.Release|Any CPU.ActiveCfg = Release|Any CPU
		{B15698BA-A228-45E5-ACC8-B820F7D36666}.Release|Any CPU.Build.0 = Release|Any CPU
		{770BDD83-2BBC-4047-81B4-D7169BA3B9B8}.Debug|Any CPU.ActiveCfg = Debug|Any CPU
		{770BDD83-2BBC-4047-81B4-D7169BA3B9B8}.Debug|Any CPU.Build.0 = Debug|Any CPU
		{770BDD83-2BBC-4047-81B4-D7169BA3B9B8}.Release|Any CPU.ActiveCfg = Release|Any CPU
		{770BDD83-2BBC-4047-81B4-D7169BA3B9B8}.Release|Any CPU.Build.0 = Release|Any CPU
		{E9F77E44-3C74-43E5-B986-2AF3785EFBA3}.Debug|Any CPU.ActiveCfg = Debug|Any CPU
		{E9F77E44-3C74-43E5-B986-2AF3785EFBA3}.Debug|Any CPU.Build.0 = Debug|Any CPU
		{E9F77E44-3C74-43E5-B986-2AF3785EFBA3}.Release|Any CPU.ActiveCfg = Release|Any CPU
		{E9F77E44-3C74-43E5-B986-2AF3785EFBA3}.Release|Any CPU.Build.0 = Release|Any CPU
		{97CCDA4C-7F15-4212-A20D-B03E98332D60}.Debug|Any CPU.ActiveCfg = Debug|Any CPU
		{97CCDA4C-7F15-4212-A20D-B03E98332D60}.Debug|Any CPU.Build.0 = Debug|Any CPU
		{97CCDA4C-7F15-4212-A20D-B03E98332D60}.Release|Any CPU.ActiveCfg = Release|Any CPU
		{97CCDA4C-7F15-4212-A20D-B03E98332D60}.Release|Any CPU.Build.0 = Release|Any CPU
	EndGlobalSection
	GlobalSection(SolutionProperties) = preSolution
		HideSolutionNode = FALSE
	EndGlobalSection
	GlobalSection(NestedProjects) = preSolution
		{770BDD83-2BBC-4047-81B4-D7169BA3B9B8} = {3A64FB1D-8C38-45C0-9F93-460B3C9DB54B}
		{E9F77E44-3C74-43E5-B986-2AF3785EFBA3} = {3A64FB1D-8C38-45C0-9F93-460B3C9DB54B}
		{97CCDA4C-7F15-4212-A20D-B03E98332D60} = {3A64FB1D-8C38-45C0-9F93-460B3C9DB54B}
	EndGlobalSection
	GlobalSection(ExtensibilityGlobals) = postSolution
		SolutionGuid = {8E3D91EC-8445-4CD4-9E9C-6D4B94645C24}
	EndGlobalSection
EndGlobal
